
Microsoft Visual Studio Solution File, Format Version 12.00
# Visual Studio Version 17
VisualStudioVersion = 17.8.34322.80
MinimumVisualStudioVersion = 10.0.40219.1
Project("{9A19103F-16F7-4668-BE54-9A1E7A4F7556}") = "Common", "Common\Common.csproj", "{15A6A19A-76B9-4265-BC13-CE4D0CB2A30E}"
EndProject
Project("{9A19103F-16F7-4668-BE54-9A1E7A4F7556}") = "Day01", "Day01\Day01.csproj", "{D9201AF6-D965-4C67-9C07-47FFE9BB7952}"
EndProject
Project("{9A19103F-16F7-4668-BE54-9A1E7A4F7556}") = "Day02", "Day02\Day02.csproj", "{41043CAA-A1C3-444F-8244-5A92AFFD74B4}"
EndProject
Project("{9A19103F-16F7-4668-BE54-9A1E7A4F7556}") = "Day03", "Day03\Day03.csproj", "{048B2373-6040-42F6-82B2-87E14E29697F}"
EndProject
Project("{9A19103F-16F7-4668-BE54-9A1E7A4F7556}") = "Day04", "Day04\Day04.csproj", "{A4CC8D6E-6113-4850-A2E5-B325455E47B1}"
EndProject
Project("{9A19103F-16F7-4668-BE54-9A1E7A4F7556}") = "Day05", "Day05\Day05.csproj", "{C6B364F1-07E8-412D-8674-05F0FB7C25BA}"
EndProject
Project("{9A19103F-16F7-4668-BE54-9A1E7A4F7556}") = "Day06", "Day06\Day06.csproj", "{B8466534-97AD-41D3-A794-836C165CFBB5}"
EndProject
Project("{9A19103F-16F7-4668-BE54-9A1E7A4F7556}") = "Day07", "Day07\Day07.csproj", "{388D855C-A725-49A3-92D8-FB11253C353C}"
EndProject
Project("{9A19103F-16F7-4668-BE54-9A1E7A4F7556}") = "Day08", "Day08\Day08.csproj", "{F71CFC3E-7BE5-4826-BBCD-765CA968667F}"
EndProject
Project("{9A19103F-16F7-4668-BE54-9A1E7A4F7556}") = "Day09", "Day09\Day09.csproj", "{BAB093CF-457F-47E4-A1DF-7719DE95A1FC}"
EndProject
Project("{9A19103F-16F7-4668-BE54-9A1E7A4F7556}") = "Day10", "Day10\Day10.csproj", "{553C29BA-37CC-45FE-A831-6C09CFE081CE}"
EndProject
Project("{9A19103F-16F7-4668-BE54-9A1E7A4F7556}") = "Day11", "Day11\Day11.csproj", "{E72C4A76-AF2B-411A-80B8-FA793961879F}"
EndProject
Project("{9A19103F-16F7-4668-BE54-9A1E7A4F7556}") = "Day13", "Day13\Day13.csproj", "{DE84E999-D033-4CFD-885C-74A7B11B0843}"
EndProject
Project("{9A19103F-16F7-4668-BE54-9A1E7A4F7556}") = "Day14", "Day14\Day14.csproj", "{B5FA3C1C-904C-424B-A91D-A5273BFAA8C9}"
EndProject
Project("{2150E333-8FDC-42A3-9474-1A3956D46DE8}") = "Solution Items", "Solution Items", "{06125743-C597-4FA0-A3A4-D41139203142}"
	ProjectSection(SolutionItems) = preProject
		.editorconfig = .editorconfig
	EndProjectSection
EndProject
Project("{9A19103F-16F7-4668-BE54-9A1E7A4F7556}") = "Day15", "Day15\Day15.csproj", "{29C2762B-0907-4BA5-BDA1-E6527AF064E0}"
EndProject
Project("{9A19103F-16F7-4668-BE54-9A1E7A4F7556}") = "Day16", "Day16\Day16.csproj", "{8C2C5603-953E-482A-BA2C-35EFA2CDF18A}"
EndProject
Project("{9A19103F-16F7-4668-BE54-9A1E7A4F7556}") = "Day17", "Day17\Day17.csproj", "{CD40B50B-4536-477E-BB92-EA021B2450BC}"
EndProject
Project("{9A19103F-16F7-4668-BE54-9A1E7A4F7556}") = "Day18", "Day18\Day18.csproj", "{AF4E9650-351D-4FAC-BDA9-94D4A71DEDD8}"
EndProject
Project("{9A19103F-16F7-4668-BE54-9A1E7A4F7556}") = "Day19", "Day19\Day19.csproj", "{D17B9941-F284-4197-9367-62C982A384EA}"
EndProject
Project("{9A19103F-16F7-4668-BE54-9A1E7A4F7556}") = "Day20", "Day20\Day20.csproj", "{E01281E2-7FAB-4CAB-893B-AF6F663F4CE2}"
EndProject
Project("{9A19103F-16F7-4668-BE54-9A1E7A4F7556}") = "Day21", "Day21\Day21.csproj", "{B5EA4FBB-F72B-42C9-A7CE-E47034739BBE}"
EndProject
Project("{9A19103F-16F7-4668-BE54-9A1E7A4F7556}") = "Day22", "Day22\Day22.csproj", "{52CD7DE0-8FBA-45A3-8739-F5C4E27CEAE4}"
EndProject
Project("{9A19103F-16F7-4668-BE54-9A1E7A4F7556}") = "Day23", "Day23\Day23.csproj", "{6A3600E5-A8A4-40F9-B02D-A3A206423D32}"
EndProject
Project("{FAE04EC0-301F-11D3-BF4B-00C04F79EFBC}") = "Day24", "Day24\Day24.csproj", "{06E421A1-5F1D-4C40-8C9D-609B968568F2}"
EndProject
Project("{FAE04EC0-301F-11D3-BF4B-00C04F79EFBC}") = "Day25", "Day25\Day25.csproj", "{62AE98B5-F19E-4BC9-8A79-B774524F63E6}"
EndProject
Project("{9A19103F-16F7-4668-BE54-9A1E7A4F7556}") = "Day12", "Day12\Day12.csproj", "{CD3819BE-8F1A-4F45-A7C4-6C40978E768E}"
EndProject
Global
	GlobalSection(SolutionConfigurationPlatforms) = preSolution
		Debug|Any CPU = Debug|Any CPU
		Release|Any CPU = Release|Any CPU
	EndGlobalSection
	GlobalSection(ProjectConfigurationPlatforms) = postSolution
		{15A6A19A-76B9-4265-BC13-CE4D0CB2A30E}.Debug|Any CPU.ActiveCfg = Debug|Any CPU
		{15A6A19A-76B9-4265-BC13-CE4D0CB2A30E}.Debug|Any CPU.Build.0 = Debug|Any CPU
		{15A6A19A-76B9-4265-BC13-CE4D0CB2A30E}.Release|Any CPU.ActiveCfg = Release|Any CPU
		{15A6A19A-76B9-4265-BC13-CE4D0CB2A30E}.Release|Any CPU.Build.0 = Release|Any CPU
		{D9201AF6-D965-4C67-9C07-47FFE9BB7952}.Debug|Any CPU.ActiveCfg = Debug|Any CPU
		{D9201AF6-D965-4C67-9C07-47FFE9BB7952}.Debug|Any CPU.Build.0 = Debug|Any CPU
		{D9201AF6-D965-4C67-9C07-47FFE9BB7952}.Release|Any CPU.ActiveCfg = Release|Any CPU
		{D9201AF6-D965-4C67-9C07-47FFE9BB7952}.Release|Any CPU.Build.0 = Release|Any CPU
		{41043CAA-A1C3-444F-8244-5A92AFFD74B4}.Debug|Any CPU.ActiveCfg = Debug|Any CPU
		{41043CAA-A1C3-444F-8244-5A92AFFD74B4}.Debug|Any CPU.Build.0 = Debug|Any CPU
		{41043CAA-A1C3-444F-8244-5A92AFFD74B4}.Release|Any CPU.ActiveCfg = Release|Any CPU
		{41043CAA-A1C3-444F-8244-5A92AFFD74B4}.Release|Any CPU.Build.0 = Release|Any CPU
		{048B2373-6040-42F6-82B2-87E14E29697F}.Debug|Any CPU.ActiveCfg = Debug|Any CPU
		{048B2373-6040-42F6-82B2-87E14E29697F}.Debug|Any CPU.Build.0 = Debug|Any CPU
		{048B2373-6040-42F6-82B2-87E14E29697F}.Release|Any CPU.ActiveCfg = Release|Any CPU
		{048B2373-6040-42F6-82B2-87E14E29697F}.Release|Any CPU.Build.0 = Release|Any CPU
		{A4CC8D6E-6113-4850-A2E5-B325455E47B1}.Debug|Any CPU.ActiveCfg = Debug|Any CPU
		{A4CC8D6E-6113-4850-A2E5-B325455E47B1}.Debug|Any CPU.Build.0 = Debug|Any CPU
		{A4CC8D6E-6113-4850-A2E5-B325455E47B1}.Release|Any CPU.ActiveCfg = Release|Any CPU
		{A4CC8D6E-6113-4850-A2E5-B325455E47B1}.Release|Any CPU.Build.0 = Release|Any CPU
		{C6B364F1-07E8-412D-8674-05F0FB7C25BA}.Debug|Any CPU.ActiveCfg = Debug|Any CPU
		{C6B364F1-07E8-412D-8674-05F0FB7C25BA}.Debug|Any CPU.Build.0 = Debug|Any CPU
		{C6B364F1-07E8-412D-8674-05F0FB7C25BA}.Release|Any CPU.ActiveCfg = Release|Any CPU
		{C6B364F1-07E8-412D-8674-05F0FB7C25BA}.Release|Any CPU.Build.0 = Release|Any CPU
		{B8466534-97AD-41D3-A794-836C165CFBB5}.Debug|Any CPU.ActiveCfg = Debug|Any CPU
		{B8466534-97AD-41D3-A794-836C165CFBB5}.Debug|Any CPU.Build.0 = Debug|Any CPU
		{B8466534-97AD-41D3-A794-836C165CFBB5}.Release|Any CPU.ActiveCfg = Release|Any CPU
		{B8466534-97AD-41D3-A794-836C165CFBB5}.Release|Any CPU.Build.0 = Release|Any CPU
		{388D855C-A725-49A3-92D8-FB11253C353C}.Debug|Any CPU.ActiveCfg = Debug|Any CPU
		{388D855C-A725-49A3-92D8-FB11253C353C}.Debug|Any CPU.Build.0 = Debug|Any CPU
		{388D855C-A725-49A3-92D8-FB11253C353C}.Release|Any CPU.ActiveCfg = Release|Any CPU
		{388D855C-A725-49A3-92D8-FB11253C353C}.Release|Any CPU.Build.0 = Release|Any CPU
		{F71CFC3E-7BE5-4826-BBCD-765CA968667F}.Debug|Any CPU.ActiveCfg = Debug|Any CPU
		{F71CFC3E-7BE5-4826-BBCD-765CA968667F}.Debug|Any CPU.Build.0 = Debug|Any CPU
		{F71CFC3E-7BE5-4826-BBCD-765CA968667F}.Release|Any CPU.ActiveCfg = Release|Any CPU
		{F71CFC3E-7BE5-4826-BBCD-765CA968667F}.Release|Any CPU.Build.0 = Release|Any CPU
		{BAB093CF-457F-47E4-A1DF-7719DE95A1FC}.Debug|Any CPU.ActiveCfg = Debug|Any CPU
		{BAB093CF-457F-47E4-A1DF-7719DE95A1FC}.Debug|Any CPU.Build.0 = Debug|Any CPU
		{BAB093CF-457F-47E4-A1DF-7719DE95A1FC}.Release|Any CPU.ActiveCfg = Release|Any CPU
		{BAB093CF-457F-47E4-A1DF-7719DE95A1FC}.Release|Any CPU.Build.0 = Release|Any CPU
		{553C29BA-37CC-45FE-A831-6C09CFE081CE}.Debug|Any CPU.ActiveCfg = Debug|Any CPU
		{553C29BA-37CC-45FE-A831-6C09CFE081CE}.Debug|Any CPU.Build.0 = Debug|Any CPU
		{553C29BA-37CC-45FE-A831-6C09CFE081CE}.Release|Any CPU.ActiveCfg = Release|Any CPU
		{553C29BA-37CC-45FE-A831-6C09CFE081CE}.Release|Any CPU.Build.0 = Release|Any CPU
		{E72C4A76-AF2B-411A-80B8-FA793961879F}.Debug|Any CPU.ActiveCfg = Debug|Any CPU
		{E72C4A76-AF2B-411A-80B8-FA793961879F}.Debug|Any CPU.Build.0 = Debug|Any CPU
		{E72C4A76-AF2B-411A-80B8-FA793961879F}.Release|Any CPU.ActiveCfg = Release|Any CPU
		{E72C4A76-AF2B-411A-80B8-FA793961879F}.Release|Any CPU.Build.0 = Release|Any CPU
		{DE84E999-D033-4CFD-885C-74A7B11B0843}.Debug|Any CPU.ActiveCfg = Debug|Any CPU
		{DE84E999-D033-4CFD-885C-74A7B11B0843}.Debug|Any CPU.Build.0 = Debug|Any CPU
		{DE84E999-D033-4CFD-885C-74A7B11B0843}.Release|Any CPU.ActiveCfg = Release|Any CPU
		{DE84E999-D033-4CFD-885C-74A7B11B0843}.Release|Any CPU.Build.0 = Release|Any CPU
		{B5FA3C1C-904C-424B-A91D-A5273BFAA8C9}.Debug|Any CPU.ActiveCfg = Debug|Any CPU
		{B5FA3C1C-904C-424B-A91D-A5273BFAA8C9}.Debug|Any CPU.Build.0 = Debug|Any CPU
		{B5FA3C1C-904C-424B-A91D-A5273BFAA8C9}.Release|Any CPU.ActiveCfg = Release|Any CPU
		{B5FA3C1C-904C-424B-A91D-A5273BFAA8C9}.Release|Any CPU.Build.0 = Release|Any CPU
		{29C2762B-0907-4BA5-BDA1-E6527AF064E0}.Debug|Any CPU.ActiveCfg = Debug|Any CPU
		{29C2762B-0907-4BA5-BDA1-E6527AF064E0}.Debug|Any CPU.Build.0 = Debug|Any CPU
		{29C2762B-0907-4BA5-BDA1-E6527AF064E0}.Release|Any CPU.ActiveCfg = Release|Any CPU
		{29C2762B-0907-4BA5-BDA1-E6527AF064E0}.Release|Any CPU.Build.0 = Release|Any CPU
		{8C2C5603-953E-482A-BA2C-35EFA2CDF18A}.Debug|Any CPU.ActiveCfg = Debug|Any CPU
		{8C2C5603-953E-482A-BA2C-35EFA2CDF18A}.Debug|Any CPU.Build.0 = Debug|Any CPU
		{8C2C5603-953E-482A-BA2C-35EFA2CDF18A}.Release|Any CPU.ActiveCfg = Release|Any CPU
		{8C2C5603-953E-482A-BA2C-35EFA2CDF18A}.Release|Any CPU.Build.0 = Release|Any CPU
		{CD40B50B-4536-477E-BB92-EA021B2450BC}.Debug|Any CPU.ActiveCfg = Debug|Any CPU
		{CD40B50B-4536-477E-BB92-EA021B2450BC}.Debug|Any CPU.Build.0 = Debug|Any CPU
		{CD40B50B-4536-477E-BB92-EA021B2450BC}.Release|Any CPU.ActiveCfg = Release|Any CPU
		{CD40B50B-4536-477E-BB92-EA021B2450BC}.Release|Any CPU.Build.0 = Release|Any CPU
		{AF4E9650-351D-4FAC-BDA9-94D4A71DEDD8}.Debug|Any CPU.ActiveCfg = Debug|Any CPU
		{AF4E9650-351D-4FAC-BDA9-94D4A71DEDD8}.Debug|Any CPU.Build.0 = Debug|Any CPU
		{AF4E9650-351D-4FAC-BDA9-94D4A71DEDD8}.Release|Any CPU.ActiveCfg = Release|Any CPU
		{AF4E9650-351D-4FAC-BDA9-94D4A71DEDD8}.Release|Any CPU.Build.0 = Release|Any CPU
		{D17B9941-F284-4197-9367-62C982A384EA}.Debug|Any CPU.ActiveCfg = Debug|Any CPU
		{D17B9941-F284-4197-9367-62C982A384EA}.Debug|Any CPU.Build.0 = Debug|Any CPU
		{D17B9941-F284-4197-9367-62C982A384EA}.Release|Any CPU.ActiveCfg = Release|Any CPU
		{D17B9941-F284-4197-9367-62C982A384EA}.Release|Any CPU.Build.0 = Release|Any CPU
		{E01281E2-7FAB-4CAB-893B-AF6F663F4CE2}.Debug|Any CPU.ActiveCfg = Debug|Any CPU
		{E01281E2-7FAB-4CAB-893B-AF6F663F4CE2}.Debug|Any CPU.Build.0 = Debug|Any CPU
		{E01281E2-7FAB-4CAB-893B-AF6F663F4CE2}.Release|Any CPU.ActiveCfg = Release|Any CPU
		{E01281E2-7FAB-4CAB-893B-AF6F663F4CE2}.Release|Any CPU.Build.0 = Release|Any CPU
		{B5EA4FBB-F72B-42C9-A7CE-E47034739BBE}.Debug|Any CPU.ActiveCfg = Debug|Any CPU
		{B5EA4FBB-F72B-42C9-A7CE-E47034739BBE}.Debug|Any CPU.Build.0 = Debug|Any CPU
		{B5EA4FBB-F72B-42C9-A7CE-E47034739BBE}.Release|Any CPU.ActiveCfg = Release|Any CPU
		{B5EA4FBB-F72B-42C9-A7CE-E47034739BBE}.Release|Any CPU.Build.0 = Release|Any CPU
		{52CD7DE0-8FBA-45A3-8739-F5C4E27CEAE4}.Debug|Any CPU.ActiveCfg = Debug|Any CPU
		{52CD7DE0-8FBA-45A3-8739-F5C4E27CEAE4}.Debug|Any CPU.Build.0 = Debug|Any CPU
		{52CD7DE0-8FBA-45A3-8739-F5C4E27CEAE4}.Release|Any CPU.ActiveCfg = Release|Any CPU
		{52CD7DE0-8FBA-45A3-8739-F5C4E27CEAE4}.Release|Any CPU.Build.0 = Release|Any CPU
		{6A3600E5-A8A4-40F9-B02D-A3A206423D32}.Debug|Any CPU.ActiveCfg = Debug|Any CPU
		{6A3600E5-A8A4-40F9-B02D-A3A206423D32}.Debug|Any CPU.Build.0 = Debug|Any CPU
		{6A3600E5-A8A4-40F9-B02D-A3A206423D32}.Release|Any CPU.ActiveCfg = Release|Any CPU
		{6A3600E5-A8A4-40F9-B02D-A3A206423D32}.Release|Any CPU.Build.0 = Release|Any CPU
		{06E421A1-5F1D-4C40-8C9D-609B968568F2}.Debug|Any CPU.ActiveCfg = Debug|Any CPU
		{06E421A1-5F1D-4C40-8C9D-609B968568F2}.Debug|Any CPU.Build.0 = Debug|Any CPU
		{06E421A1-5F1D-4C40-8C9D-609B968568F2}.Release|Any CPU.ActiveCfg = Release|Any CPU
		{06E421A1-5F1D-4C40-8C9D-609B968568F2}.Release|Any CPU.Build.0 = Release|Any CPU
		{62AE98B5-F19E-4BC9-8A79-B774524F63E6}.Debug|Any CPU.ActiveCfg = Debug|Any CPU
		{62AE98B5-F19E-4BC9-8A79-B774524F63E6}.Debug|Any CPU.Build.0 = Debug|Any CPU
		{62AE98B5-F19E-4BC9-8A79-B774524F63E6}.Release|Any CPU.ActiveCfg = Release|Any CPU
		{62AE98B5-F19E-4BC9-8A79-B774524F63E6}.Release|Any CPU.Build.0 = Release|Any CPU
		{CD3819BE-8F1A-4F45-A7C4-6C40978E768E}.Debug|Any CPU.ActiveCfg = Debug|Any CPU
		{CD3819BE-8F1A-4F45-A7C4-6C40978E768E}.Debug|Any CPU.Build.0 = Debug|Any CPU
		{CD3819BE-8F1A-4F45-A7C4-6C40978E768E}.Release|Any CPU.ActiveCfg = Release|Any CPU
		{CD3819BE-8F1A-4F45-A7C4-6C40978E768E}.Release|Any CPU.Build.0 = Release|Any CPU
	EndGlobalSection
	GlobalSection(SolutionProperties) = preSolution
		HideSolutionNode = FALSE
	EndGlobalSection
	GlobalSection(ExtensibilityGlobals) = postSolution
		SolutionGuid = {12E00E11-49A0-47A5-8A72-9B169AFC9B94}
	EndGlobalSection
EndGlobal
